
Microsoft Visual Studio Solution File, Format Version 12.00
# Visual Studio Version 17
VisualStudioVersion = 17.9.34728.123
MinimumVisualStudioVersion = 10.0.40219.1
Project("{2150E333-8FDC-42A3-9474-1A3956D46DE8}") = "src", "src", "{9D6E1BA1-6E94-451A-9038-BCB9F47C3FB0}"
EndProject
Project("{9A19103F-16F7-4668-BE54-9A1E7A4F7556}") = "StartUp", "src\StartUp\StartUp.csproj", "{7DB867DF-19B6-40ED-A1ED-E3D185678F59}"
EndProject
Project("{9A19103F-16F7-4668-BE54-9A1E7A4F7556}") = "Services", "src\Services\Services.csproj", "{1FCAE485-5C93-41BD-A090-FA82426F6B74}"
EndProject
Project("{9A19103F-16F7-4668-BE54-9A1E7A4F7556}") = "Services.Tests", "src\tests\Services.Tests\Services.Tests.csproj", "{02AAEBB7-140A-4698-A7E6-262D56587329}"
EndProject
Project("{9A19103F-16F7-4668-BE54-9A1E7A4F7556}") = "Subscription", "src\Subscription\Subscription.csproj", "{B684A85C-4F28-409C-8AB9-A724F3E6EAFD}"
EndProject
Project("{9A19103F-16F7-4668-BE54-9A1E7A4F7556}") = "OrfDataProvider", "src\OrfDataProvider\OrfDataProvider.csproj", "{7A4644FC-CD32-48C8-84F9-2551558544CA}"
EndProject
Project("{9A19103F-16F7-4668-BE54-9A1E7A4F7556}") = "Downloader", "src\Downloader\Downloader.csproj", "{B98B33A3-1F32-4CA8-8911-065A14E80490}"
EndProject
Project("{9A19103F-16F7-4668-BE54-9A1E7A4F7556}") = "DownloadListCreator", "src\DownloadListCreator\DownloadListCreator.csproj", "{3D333514-4EA7-4801-A130-532815A2E75F}"
EndProject
Project("{2150E333-8FDC-42A3-9474-1A3956D46DE8}") = "Solution Items", "Solution Items", "{CA6B4B40-CD75-4301-BAE8-F8D2957F456F}"
	ProjectSection(SolutionItems) = preProject
		.editorconfig = .editorconfig
	EndProjectSection
EndProject
Global
	GlobalSection(SolutionConfigurationPlatforms) = preSolution
		Debug|Any CPU = Debug|Any CPU
		Debug|x64 = Debug|x64
		Debug|x86 = Debug|x86
		Release|Any CPU = Release|Any CPU
		Release|x64 = Release|x64
		Release|x86 = Release|x86
	EndGlobalSection
	GlobalSection(ProjectConfigurationPlatforms) = postSolution
		{7DB867DF-19B6-40ED-A1ED-E3D185678F59}.Debug|Any CPU.ActiveCfg = Debug|Any CPU
		{7DB867DF-19B6-40ED-A1ED-E3D185678F59}.Debug|Any CPU.Build.0 = Debug|Any CPU
		{7DB867DF-19B6-40ED-A1ED-E3D185678F59}.Debug|x64.ActiveCfg = Debug|Any CPU
		{7DB867DF-19B6-40ED-A1ED-E3D185678F59}.Debug|x64.Build.0 = Debug|Any CPU
		{7DB867DF-19B6-40ED-A1ED-E3D185678F59}.Debug|x86.ActiveCfg = Debug|Any CPU
		{7DB867DF-19B6-40ED-A1ED-E3D185678F59}.Debug|x86.Build.0 = Debug|Any CPU
		{7DB867DF-19B6-40ED-A1ED-E3D185678F59}.Release|Any CPU.ActiveCfg = Release|Any CPU
		{7DB867DF-19B6-40ED-A1ED-E3D185678F59}.Release|Any CPU.Build.0 = Release|Any CPU
		{7DB867DF-19B6-40ED-A1ED-E3D185678F59}.Release|x64.ActiveCfg = Release|Any CPU
		{7DB867DF-19B6-40ED-A1ED-E3D185678F59}.Release|x64.Build.0 = Release|Any CPU
		{7DB867DF-19B6-40ED-A1ED-E3D185678F59}.Release|x86.ActiveCfg = Release|Any CPU
		{7DB867DF-19B6-40ED-A1ED-E3D185678F59}.Release|x86.Build.0 = Release|Any CPU
		{1FCAE485-5C93-41BD-A090-FA82426F6B74}.Debug|Any CPU.ActiveCfg = Debug|Any CPU
		{1FCAE485-5C93-41BD-A090-FA82426F6B74}.Debug|Any CPU.Build.0 = Debug|Any CPU
		{1FCAE485-5C93-41BD-A090-FA82426F6B74}.Debug|x64.ActiveCfg = Debug|Any CPU
		{1FCAE485-5C93-41BD-A090-FA82426F6B74}.Debug|x64.Build.0 = Debug|Any CPU
		{1FCAE485-5C93-41BD-A090-FA82426F6B74}.Debug|x86.ActiveCfg = Debug|Any CPU
		{1FCAE485-5C93-41BD-A090-FA82426F6B74}.Debug|x86.Build.0 = Debug|Any CPU
		{1FCAE485-5C93-41BD-A090-FA82426F6B74}.Release|Any CPU.ActiveCfg = Release|Any CPU
		{1FCAE485-5C93-41BD-A090-FA82426F6B74}.Release|Any CPU.Build.0 = Release|Any CPU
		{1FCAE485-5C93-41BD-A090-FA82426F6B74}.Release|x64.ActiveCfg = Release|Any CPU
		{1FCAE485-5C93-41BD-A090-FA82426F6B74}.Release|x64.Build.0 = Release|Any CPU
		{1FCAE485-5C93-41BD-A090-FA82426F6B74}.Release|x86.ActiveCfg = Release|Any CPU
		{1FCAE485-5C93-41BD-A090-FA82426F6B74}.Release|x86.Build.0 = Release|Any CPU
		{02AAEBB7-140A-4698-A7E6-262D56587329}.Debug|Any CPU.ActiveCfg = Debug|Any CPU
		{02AAEBB7-140A-4698-A7E6-262D56587329}.Debug|Any CPU.Build.0 = Debug|Any CPU
		{02AAEBB7-140A-4698-A7E6-262D56587329}.Debug|x64.ActiveCfg = Debug|Any CPU
		{02AAEBB7-140A-4698-A7E6-262D56587329}.Debug|x64.Build.0 = Debug|Any CPU
		{02AAEBB7-140A-4698-A7E6-262D56587329}.Debug|x86.ActiveCfg = Debug|Any CPU
		{02AAEBB7-140A-4698-A7E6-262D56587329}.Debug|x86.Build.0 = Debug|Any CPU
		{02AAEBB7-140A-4698-A7E6-262D56587329}.Release|Any CPU.ActiveCfg = Release|Any CPU
		{02AAEBB7-140A-4698-A7E6-262D56587329}.Release|Any CPU.Build.0 = Release|Any CPU
		{02AAEBB7-140A-4698-A7E6-262D56587329}.Release|x64.ActiveCfg = Release|Any CPU
		{02AAEBB7-140A-4698-A7E6-262D56587329}.Release|x64.Build.0 = Release|Any CPU
		{02AAEBB7-140A-4698-A7E6-262D56587329}.Release|x86.ActiveCfg = Release|Any CPU
		{02AAEBB7-140A-4698-A7E6-262D56587329}.Release|x86.Build.0 = Release|Any CPU
		{B684A85C-4F28-409C-8AB9-A724F3E6EAFD}.Debug|Any CPU.ActiveCfg = Debug|Any CPU
		{B684A85C-4F28-409C-8AB9-A724F3E6EAFD}.Debug|Any CPU.Build.0 = Debug|Any CPU
		{B684A85C-4F28-409C-8AB9-A724F3E6EAFD}.Debug|x64.ActiveCfg = Debug|Any CPU
		{B684A85C-4F28-409C-8AB9-A724F3E6EAFD}.Debug|x64.Build.0 = Debug|Any CPU
		{B684A85C-4F28-409C-8AB9-A724F3E6EAFD}.Debug|x86.ActiveCfg = Debug|Any CPU
		{B684A85C-4F28-409C-8AB9-A724F3E6EAFD}.Debug|x86.Build.0 = Debug|Any CPU
		{B684A85C-4F28-409C-8AB9-A724F3E6EAFD}.Release|Any CPU.ActiveCfg = Release|Any CPU
		{B684A85C-4F28-409C-8AB9-A724F3E6EAFD}.Release|Any CPU.Build.0 = Release|Any CPU
		{B684A85C-4F28-409C-8AB9-A724F3E6EAFD}.Release|x64.ActiveCfg = Release|Any CPU
		{B684A85C-4F28-409C-8AB9-A724F3E6EAFD}.Release|x64.Build.0 = Release|Any CPU
		{B684A85C-4F28-409C-8AB9-A724F3E6EAFD}.Release|x86.ActiveCfg = Release|Any CPU
		{B684A85C-4F28-409C-8AB9-A724F3E6EAFD}.Release|x86.Build.0 = Release|Any CPU
		{7A4644FC-CD32-48C8-84F9-2551558544CA}.Debug|Any CPU.ActiveCfg = Debug|Any CPU
		{7A4644FC-CD32-48C8-84F9-2551558544CA}.Debug|Any CPU.Build.0 = Debug|Any CPU
		{7A4644FC-CD32-48C8-84F9-2551558544CA}.Debug|x64.ActiveCfg = Debug|Any CPU
		{7A4644FC-CD32-48C8-84F9-2551558544CA}.Debug|x64.Build.0 = Debug|Any CPU
		{7A4644FC-CD32-48C8-84F9-2551558544CA}.Debug|x86.ActiveCfg = Debug|Any CPU
		{7A4644FC-CD32-48C8-84F9-2551558544CA}.Debug|x86.Build.0 = Debug|Any CPU
		{7A4644FC-CD32-48C8-84F9-2551558544CA}.Release|Any CPU.ActiveCfg = Release|Any CPU
		{7A4644FC-CD32-48C8-84F9-2551558544CA}.Release|Any CPU.Build.0 = Release|Any CPU
		{7A4644FC-CD32-48C8-84F9-2551558544CA}.Release|x64.ActiveCfg = Release|Any CPU
		{7A4644FC-CD32-48C8-84F9-2551558544CA}.Release|x64.Build.0 = Release|Any CPU
		{7A4644FC-CD32-48C8-84F9-2551558544CA}.Release|x86.ActiveCfg = Release|Any CPU
		{7A4644FC-CD32-48C8-84F9-2551558544CA}.Release|x86.Build.0 = Release|Any CPU
		{B98B33A3-1F32-4CA8-8911-065A14E80490}.Debug|Any CPU.ActiveCfg = Debug|Any CPU
		{B98B33A3-1F32-4CA8-8911-065A14E80490}.Debug|Any CPU.Build.0 = Debug|Any CPU
		{B98B33A3-1F32-4CA8-8911-065A14E80490}.Debug|x64.ActiveCfg = Debug|Any CPU
		{B98B33A3-1F32-4CA8-8911-065A14E80490}.Debug|x64.Build.0 = Debug|Any CPU
		{B98B33A3-1F32-4CA8-8911-065A14E80490}.Debug|x86.ActiveCfg = Debug|Any CPU
		{B98B33A3-1F32-4CA8-8911-065A14E80490}.Debug|x86.Build.0 = Debug|Any CPU
		{B98B33A3-1F32-4CA8-8911-065A14E80490}.Release|Any CPU.ActiveCfg = Release|Any CPU
		{B98B33A3-1F32-4CA8-8911-065A14E80490}.Release|Any CPU.Build.0 = Release|Any CPU
		{B98B33A3-1F32-4CA8-8911-065A14E80490}.Release|x64.ActiveCfg = Release|Any CPU
		{B98B33A3-1F32-4CA8-8911-065A14E80490}.Release|x64.Build.0 = Release|Any CPU
		{B98B33A3-1F32-4CA8-8911-065A14E80490}.Release|x86.ActiveCfg = Release|Any CPU
		{B98B33A3-1F32-4CA8-8911-065A14E80490}.Release|x86.Build.0 = Release|Any CPU
		{3D333514-4EA7-4801-A130-532815A2E75F}.Debug|Any CPU.ActiveCfg = Debug|Any CPU
		{3D333514-4EA7-4801-A130-532815A2E75F}.Debug|Any CPU.Build.0 = Debug|Any CPU
		{3D333514-4EA7-4801-A130-532815A2E75F}.Debug|x64.ActiveCfg = Debug|Any CPU
		{3D333514-4EA7-4801-A130-532815A2E75F}.Debug|x64.Build.0 = Debug|Any CPU
		{3D333514-4EA7-4801-A130-532815A2E75F}.Debug|x86.ActiveCfg = Debug|Any CPU
		{3D333514-4EA7-4801-A130-532815A2E75F}.Debug|x86.Build.0 = Debug|Any CPU
		{3D333514-4EA7-4801-A130-532815A2E75F}.Release|Any CPU.ActiveCfg = Release|Any CPU
		{3D333514-4EA7-4801-A130-532815A2E75F}.Release|Any CPU.Build.0 = Release|Any CPU
		{3D333514-4EA7-4801-A130-532815A2E75F}.Release|x64.ActiveCfg = Release|Any CPU
		{3D333514-4EA7-4801-A130-532815A2E75F}.Release|x64.Build.0 = Release|Any CPU
		{3D333514-4EA7-4801-A130-532815A2E75F}.Release|x86.ActiveCfg = Release|Any CPU
		{3D333514-4EA7-4801-A130-532815A2E75F}.Release|x86.Build.0 = Release|Any CPU
	EndGlobalSection
	GlobalSection(SolutionProperties) = preSolution
		HideSolutionNode = FALSE
	EndGlobalSection
	GlobalSection(NestedProjects) = preSolution
		{7DB867DF-19B6-40ED-A1ED-E3D185678F59} = {9D6E1BA1-6E94-451A-9038-BCB9F47C3FB0}
		{1FCAE485-5C93-41BD-A090-FA82426F6B74} = {9D6E1BA1-6E94-451A-9038-BCB9F47C3FB0}
		{B684A85C-4F28-409C-8AB9-A724F3E6EAFD} = {9D6E1BA1-6E94-451A-9038-BCB9F47C3FB0}
		{7A4644FC-CD32-48C8-84F9-2551558544CA} = {9D6E1BA1-6E94-451A-9038-BCB9F47C3FB0}
		{B98B33A3-1F32-4CA8-8911-065A14E80490} = {9D6E1BA1-6E94-451A-9038-BCB9F47C3FB0}
		{3D333514-4EA7-4801-A130-532815A2E75F} = {9D6E1BA1-6E94-451A-9038-BCB9F47C3FB0}
	EndGlobalSection
	GlobalSection(ExtensibilityGlobals) = postSolution
		SolutionGuid = {FA539BBC-8688-4455-967C-5818C02C77A4}
	EndGlobalSection
EndGlobal
